github.com/Eugene-Usachev/fastbytes v1.2.0 h1:ubLu225ZcxqEx6OJc0McFLOCAmE1j0x9b90wVQ+85XU=
github.com/Eugene-Usachev/fastbytes v1.2.0/go.mod h1:uebQ2Hy3nWh0TnPLO7qM5pldS6Y+TwGqOuMhCOUtDUc=
github.com/redis/rueidis v1.0.7 h1:1V7BucjgK5oKtJ22VtfqvL5jzJC75RApV0Fb58HXyu4=
github.com/redis/rueidis v1.0.7/go.mod h1:+1zDH4a8XhwIbCSlIhVGIu6Xib0ZMDoBM0qGhHXc1ew=
