github.com/Eugene-Usachev/fastbytes v1.2.0 h1:ubLu225ZcxqEx6OJc0McFLOCAmE1j0x9b90wVQ+85XU=
github.com/Eugene-Usachev/fastbytes v1.2.0/go.mod h1:uebQ2Hy3nWh0TnPLO7qM5pldS6Y+TwGqOuMhCOUtDUc=
github.com/Eugene-Usachev/logger v1.2.0 h1:8FijPFwW1a1jAFohfmGs44WpGbjT/L0Ji0Vs+ws1Djg=
github.com/Eugene-Usachev/logger v1.2.0/go.mod h1:rKyiD58uMVPKHrXp8FxbzSfywBd+76wthIVZXRmUvBA=
github.com/goccy/go-json v0.10.2 h1:CrxCmQqYDkv1z7lO7Wbh2HN93uovUHgrECaO5ZrCXAU=
github.com/goccy/go-json v0.10.2/go.mod h1:6MelG93GURQebXPDq3khkgXZkazVtN9CRI+MGFi0w8I=
github.com/google/go-cmp v0.6.0 h1:ofyhxvXcZhMsU5ulbFiLKl/XBFqE1GSq7atu8tAmTRI=
github.com/onsi/gomega v1.28.0 h1:i2rg/p9n/UqIDAMFUJ6qIUUMcsqOuUHgbpbu235Vr1c=
github.com/redis/rueidis v1.0.27 h1:UhTlj+9JBuQe6SHe60YJA+0TonZDi5n/TkJZ7QTyV/s=
github.com/redis/rueidis v1.0.27/go.mod h1:NT7lPuiVYijdZVsV0V8i9ZUhqe1OMGaq+NiQigNuKlg=
github.com/redis/rueidis v1.0.31 h1:S2NlrMB1N+yB+QEKD4o0lV+5GNIeLo/ZMpN42ONcwg0=
github.com/redis/rueidis v1.0.31/go.mod h1:g8nPmgR4C68N3abFiOc/gUOSEKw3Tom6/teYMehg4RE=
golang.org/x/net v0.17.0 h1:pVaXccu2ozPjCXewfr1S7xza/zcXTity9cCdXQYSjIM=
golang.org/x/sys v0.14.0 h1:Vz7Qs629MkJkGyHxUlRHizWJRG2j8fbQKjELVSNhy7Q=
golang.org/x/sys v0.14.0/go.mod h1:/VUhepiaJMQUp4+oa/7Zr1D23ma6VTLIYjOOTFZPUcA=
golang.org/x/sys v0.17.0 h1:25cE3gD+tdBA7lp7QfhuV+rJiE9YXTcS3VG1SqssI/Y=
golang.org/x/sys v0.17.0/go.mod h1:/VUhepiaJMQUp4+oa/7Zr1D23ma6VTLIYjOOTFZPUcA=
golang.org/x/text v0.13.0 h1:ablQoSUd0tRdKxZewP80B+BaqeKJuVhuRxj/dkrun3k=
gopkg.in/yaml.v3 v3.0.1 h1:fxVm/GzAzEWqLHuvctI91KS9hhNmmWOoWu0XTYJS7CA=
